
Microsoft Visual Studio Solution File, Format Version 12.00
# Visual Studio Version 16
VisualStudioVersion = 16.0.29806.167
MinimumVisualStudioVersion = 10.0.40219.1
Project("{FAE04EC0-301F-11D3-BF4B-00C04F79EFBC}") = "AdministratorApp", "AdministratorApp\AdministratorApp.csproj", "{A1BBF49A-C13E-4578-AA8B-6884D455421C}"
EndProject
Project("{9A19103F-16F7-4668-BE54-9A1E7A4F7556}") = "CommonLibrary", "CommonLibrary\CommonLibrary.csproj", "{EE038654-F49F-4533-813E-151F3383CE88}"
EndProject
Project("{FAE04EC0-301F-11D3-BF4B-00C04F79EFBC}") = "WebAPI", "WebAPI\WebAPI.csproj", "{B106784C-71D3-4DB9-A40B-B085CD4B62F7}"
EndProject
Global
	GlobalSection(SolutionConfigurationPlatforms) = preSolution
		Debug|Any CPU = Debug|Any CPU
		Debug|ARM = Debug|ARM
		Debug|ARM64 = Debug|ARM64
		Debug|x64 = Debug|x64
		Debug|x86 = Debug|x86
		Release|Any CPU = Release|Any CPU
		Release|ARM = Release|ARM
		Release|ARM64 = Release|ARM64
		Release|x64 = Release|x64
		Release|x86 = Release|x86
	EndGlobalSection
	GlobalSection(ProjectConfigurationPlatforms) = postSolution
		{A1BBF49A-C13E-4578-AA8B-6884D455421C}.Debug|Any CPU.ActiveCfg = Debug|x86
		{A1BBF49A-C13E-4578-AA8B-6884D455421C}.Debug|ARM.ActiveCfg = Debug|ARM
		{A1BBF49A-C13E-4578-AA8B-6884D455421C}.Debug|ARM.Build.0 = Debug|ARM
		{A1BBF49A-C13E-4578-AA8B-6884D455421C}.Debug|ARM.Deploy.0 = Debug|ARM
		{A1BBF49A-C13E-4578-AA8B-6884D455421C}.Debug|ARM64.ActiveCfg = Debug|ARM64
		{A1BBF49A-C13E-4578-AA8B-6884D455421C}.Debug|ARM64.Build.0 = Debug|ARM64
		{A1BBF49A-C13E-4578-AA8B-6884D455421C}.Debug|ARM64.Deploy.0 = Debug|ARM64
		{A1BBF49A-C13E-4578-AA8B-6884D455421C}.Debug|x64.ActiveCfg = Debug|x64
		{A1BBF49A-C13E-4578-AA8B-6884D455421C}.Debug|x64.Build.0 = Debug|x64
		{A1BBF49A-C13E-4578-AA8B-6884D455421C}.Debug|x64.Deploy.0 = Debug|x64
		{A1BBF49A-C13E-4578-AA8B-6884D455421C}.Debug|x86.ActiveCfg = Debug|x86
		{A1BBF49A-C13E-4578-AA8B-6884D455421C}.Debug|x86.Build.0 = Debug|x86
		{A1BBF49A-C13E-4578-AA8B-6884D455421C}.Debug|x86.Deploy.0 = Debug|x86
		{A1BBF49A-C13E-4578-AA8B-6884D455421C}.Release|Any CPU.ActiveCfg = Release|x86
		{A1BBF49A-C13E-4578-AA8B-6884D455421C}.Release|ARM.ActiveCfg = Release|ARM
		{A1BBF49A-C13E-4578-AA8B-6884D455421C}.Release|ARM.Build.0 = Release|ARM
		{A1BBF49A-C13E-4578-AA8B-6884D455421C}.Release|ARM.Deploy.0 = Release|ARM
		{A1BBF49A-C13E-4578-AA8B-6884D455421C}.Release|ARM64.ActiveCfg = Release|ARM64
		{A1BBF49A-C13E-4578-AA8B-6884D455421C}.Release|ARM64.Build.0 = Release|ARM64
		{A1BBF49A-C13E-4578-AA8B-6884D455421C}.Release|ARM64.Deploy.0 = Release|ARM64
		{A1BBF49A-C13E-4578-AA8B-6884D455421C}.Release|x64.ActiveCfg = Release|x64
		{A1BBF49A-C13E-4578-AA8B-6884D455421C}.Release|x64.Build.0 = Release|x64
		{A1BBF49A-C13E-4578-AA8B-6884D455421C}.Release|x64.Deploy.0 = Release|x64
		{A1BBF49A-C13E-4578-AA8B-6884D455421C}.Release|x86.ActiveCfg = Release|x86
		{A1BBF49A-C13E-4578-AA8B-6884D455421C}.Release|x86.Build.0 = Release|x86
		{A1BBF49A-C13E-4578-AA8B-6884D455421C}.Release|x86.Deploy.0 = Release|x86
		{EE038654-F49F-4533-813E-151F3383CE88}.Debug|Any CPU.ActiveCfg = Debug|Any CPU
		{EE038654-F49F-4533-813E-151F3383CE88}.Debug|Any CPU.Build.0 = Debug|Any CPU
		{EE038654-F49F-4533-813E-151F3383CE88}.Debug|ARM.ActiveCfg = Debug|Any CPU
		{EE038654-F49F-4533-813E-151F3383CE88}.Debug|ARM.Build.0 = Debug|Any CPU
		{EE038654-F49F-4533-813E-151F3383CE88}.Debug|ARM64.ActiveCfg = Debug|Any CPU
		{EE038654-F49F-4533-813E-151F3383CE88}.Debug|ARM64.Build.0 = Debug|Any CPU
		{EE038654-F49F-4533-813E-151F3383CE88}.Debug|x64.ActiveCfg = Debug|Any CPU
		{EE038654-F49F-4533-813E-151F3383CE88}.Debug|x64.Build.0 = Debug|Any CPU
		{EE038654-F49F-4533-813E-151F3383CE88}.Debug|x86.ActiveCfg = Debug|Any CPU
		{EE038654-F49F-4533-813E-151F3383CE88}.Debug|x86.Build.0 = Debug|Any CPU
		{EE038654-F49F-4533-813E-151F3383CE88}.Release|Any CPU.ActiveCfg = Release|Any CPU
		{EE038654-F49F-4533-813E-151F3383CE88}.Release|Any CPU.Build.0 = Release|Any CPU
		{EE038654-F49F-4533-813E-151F3383CE88}.Release|ARM.ActiveCfg = Release|Any CPU
		{EE038654-F49F-4533-813E-151F3383CE88}.Release|ARM.Build.0 = Release|Any CPU
		{EE038654-F49F-4533-813E-151F3383CE88}.Release|ARM64.ActiveCfg = Release|Any CPU
		{EE038654-F49F-4533-813E-151F3383CE88}.Release|ARM64.Build.0 = Release|Any CPU
		{EE038654-F49F-4533-813E-151F3383CE88}.Release|x64.ActiveCfg = Release|Any CPU
		{EE038654-F49F-4533-813E-151F3383CE88}.Release|x64.Build.0 = Release|Any CPU
		{EE038654-F49F-4533-813E-151F3383CE88}.Release|x86.ActiveCfg = Release|Any CPU
		{EE038654-F49F-4533-813E-151F3383CE88}.Release|x86.Build.0 = Release|Any CPU
		{B106784C-71D3-4DB9-A40B-B085CD4B62F7}.Debug|Any CPU.ActiveCfg = Debug|Any CPU
		{B106784C-71D3-4DB9-A40B-B085CD4B62F7}.Debug|Any CPU.Build.0 = Debug|Any CPU
		{B106784C-71D3-4DB9-A40B-B085CD4B62F7}.Debug|ARM.ActiveCfg = Debug|Any CPU
		{B106784C-71D3-4DB9-A40B-B085CD4B62F7}.Debug|ARM.Build.0 = Debug|Any CPU
		{B106784C-71D3-4DB9-A40B-B085CD4B62F7}.Debug|ARM64.ActiveCfg = Debug|Any CPU
		{B106784C-71D3-4DB9-A40B-B085CD4B62F7}.Debug|ARM64.Build.0 = Debug|Any CPU
		{B106784C-71D3-4DB9-A40B-B085CD4B62F7}.Debug|x64.ActiveCfg = Debug|Any CPU
		{B106784C-71D3-4DB9-A40B-B085CD4B62F7}.Debug|x64.Build.0 = Debug|Any CPU
		{B106784C-71D3-4DB9-A40B-B085CD4B62F7}.Debug|x86.ActiveCfg = Debug|Any CPU
		{B106784C-71D3-4DB9-A40B-B085CD4B62F7}.Debug|x86.Build.0 = Debug|Any CPU
		{B106784C-71D3-4DB9-A40B-B085CD4B62F7}.Release|Any CPU.ActiveCfg = Release|Any CPU
		{B106784C-71D3-4DB9-A40B-B085CD4B62F7}.Release|Any CPU.Build.0 = Release|Any CPU
		{B106784C-71D3-4DB9-A40B-B085CD4B62F7}.Release|ARM.ActiveCfg = Release|Any CPU
		{B106784C-71D3-4DB9-A40B-B085CD4B62F7}.Release|ARM.Build.0 = Release|Any CPU
		{B106784C-71D3-4DB9-A40B-B085CD4B62F7}.Release|ARM64.ActiveCfg = Release|Any CPU
		{B106784C-71D3-4DB9-A40B-B085CD4B62F7}.Release|ARM64.Build.0 = Release|Any CPU
		{B106784C-71D3-4DB9-A40B-B085CD4B62F7}.Release|x64.ActiveCfg = Release|Any CPU
		{B106784C-71D3-4DB9-A40B-B085CD4B62F7}.Release|x64.Build.0 = Release|Any CPU
		{B106784C-71D3-4DB9-A40B-B085CD4B62F7}.Release|x86.ActiveCfg = Release|Any CPU
		{B106784C-71D3-4DB9-A40B-B085CD4B62F7}.Release|x86.Build.0 = Release|Any CPU
	EndGlobalSection
	GlobalSection(SolutionProperties) = preSolution
		HideSolutionNode = FALSE
	EndGlobalSection
	GlobalSection(ExtensibilityGlobals) = postSolution
		SolutionGuid = {80CE5569-8FEE-4C7F-AEE1-EEB454DDBDEF}
	EndGlobalSection
EndGlobal
